{
  "name": "check-side-effects-test",
  "version": "0.0.0",
  "lockfileVersion": 1,
  "requires": true,
  "dependencies": {
    "@angular/core": {
      "version": "8.0.0-beta.7",
      "resolved": "https://registry.npmjs.org/@angular/core/-/core-8.0.0-beta.7.tgz",
      "integrity": "sha512-jLK54JZi4z7PBKOKbX5b5VWVdxOy6FVJp/+1MCJnonKPH6ckFpzyUFI9QDU2rY2mk4kMamiJ2NRT19UAzuq9sw==",
      "requires": {
        "tslib": "^1.9.0"
      }
    },
    "check-side-effects": {
      "version": "file:..",
      "requires": {
        "@angular-devkit/build-optimizer": "0.14.0-beta.5",
        "minimist": "~1.2.0",
        "rollup": "~1.6.0",
        "rollup-plugin-node-resolve": "~4.0.1",
        "rollup-plugin-terser": "~4.0.4",
        "tslib": "~1.9.3"
      },
      "dependencies": {
        "@angular-devkit/build-optimizer": {
          "version": "0.14.0-beta.5",
          "bundled": true,
          "requires": {
            "loader-utils": "1.2.3",
            "source-map": "0.5.6",
            "typescript": "3.2.4",
            "webpack-sources": "1.3.0"
          }
        },
        "@babel/code-frame": {
          "version": "7.0.0",
          "bundled": true,
          "requires": {
            "@babel/highlight": "^7.0.0"
          }
        },
        "@babel/highlight": {
          "version": "7.0.0",
          "bundled": true,
          "requires": {
            "chalk": "^2.0.0",
            "esutils": "^2.0.2",
            "js-tokens": "^4.0.0"
          }
        },
        "@types/estree": {
          "version": "0.0.39",
          "bundled": true
        },
        "@types/minimist": {
          "version": "1.2.0",
          "bundled": true
        },
        "@types/node": {
          "version": "11.11.1",
          "bundled": true
        },
        "@types/terser": {
          "version": "3.8.0",
          "bundled": true,
          "requires": {
            "source-map": "*"
          }
        },
        "acorn": {
          "version": "6.1.1",
          "bundled": true
        },
        "ansi-styles": {
          "version": "3.2.1",
          "bundled": true,
          "requires": {
            "color-convert": "^1.9.0"
          }
        },
        "big.js": {
          "version": "5.2.2",
          "bundled": true
        },
        "buffer-from": {
          "version": "1.1.1",
          "bundled": true
        },
        "builtin-modules": {
          "version": "3.0.0",
          "bundled": true
        },
        "chalk": {
          "version": "2.4.2",
          "bundled": true,
          "requires": {
            "ansi-styles": "^3.2.1",
            "escape-string-regexp": "^1.0.5",
            "supports-color": "^5.3.0"
          }
        },
        "color-convert": {
          "version": "1.9.3",
          "bundled": true,
          "requires": {
            "color-name": "1.1.3"
          }
        },
        "color-name": {
          "version": "1.1.3",
          "bundled": true
        },
        "commander": {
          "version": "2.19.0",
          "bundled": true
        },
        "core-util-is": {
          "version": "1.0.2",
          "bundled": true
        },
        "emojis-list": {
          "version": "2.1.0",
          "bundled": true
        },
        "escape-string-regexp": {
          "version": "1.0.5",
          "bundled": true
        },
        "esutils": {
          "version": "2.0.2",
          "bundled": true
        },
        "has-flag": {
          "version": "3.0.0",
          "bundled": true
        },
        "inherits": {
          "version": "2.0.3",
          "bundled": true
        },
        "is-module": {
          "version": "1.0.0",
          "bundled": true
        },
        "isarray": {
          "version": "1.0.0",
          "bundled": true
        },
        "jest-worker": {
          "version": "24.4.0",
          "bundled": true,
          "requires": {
            "@types/node": "*",
            "merge-stream": "^1.0.1",
            "supports-color": "^6.1.0"
          },
          "dependencies": {
            "supports-color": {
              "version": "6.1.0",
              "bundled": true,
              "requires": {
                "has-flag": "^3.0.0"
              }
            }
          }
        },
        "js-tokens": {
          "version": "4.0.0",
          "bundled": true
        },
        "json5": {
          "version": "1.0.1",
          "bundled": true,
          "requires": {
            "minimist": "^1.2.0"
          }
        },
        "loader-utils": {
          "version": "1.2.3",
          "bundled": true,
          "requires": {
            "big.js": "^5.2.2",
            "emojis-list": "^2.0.0",
            "json5": "^1.0.1"
          }
        },
        "merge-stream": {
          "version": "1.0.1",
          "bundled": true,
          "requires": {
            "readable-stream": "^2.0.1"
          }
        },
        "minimist": {
          "version": "1.2.0",
          "bundled": true
        },
        "path-parse": {
          "version": "1.0.6",
          "bundled": true
        },
        "process-nextick-args": {
          "version": "2.0.0",
          "bundled": true
        },
        "readable-stream": {
          "version": "2.3.6",
          "bundled": true,
          "requires": {
            "core-util-is": "~1.0.0",
            "inherits": "~2.0.3",
            "isarray": "~1.0.0",
            "process-nextick-args": "~2.0.0",
            "safe-buffer": "~5.1.1",
            "string_decoder": "~1.1.1",
            "util-deprecate": "~1.0.1"
          }
        },
        "resolve": {
          "version": "1.10.0",
          "bundled": true,
          "requires": {
            "path-parse": "^1.0.6"
          }
        },
        "rollup": {
          "version": "1.6.0",
          "bundled": true,
          "requires": {
            "@types/estree": "0.0.39",
            "@types/node": "^11.9.5",
            "acorn": "^6.1.1"
          }
        },
        "rollup-plugin-node-resolve": {
          "version": "4.0.1",
          "bundled": true,
          "requires": {
            "builtin-modules": "^3.0.0",
            "is-module": "^1.0.0",
            "resolve": "^1.10.0"
          }
        },
        "rollup-plugin-terser": {
          "version": "4.0.4",
          "bundled": true,
          "requires": {
            "@babel/code-frame": "^7.0.0",
            "jest-worker": "^24.0.0",
            "serialize-javascript": "^1.6.1",
            "terser": "^3.14.1"
          }
        },
        "safe-buffer": {
          "version": "5.1.2",
          "bundled": true
        },
        "serialize-javascript": {
          "version": "1.6.1",
          "bundled": true
        },
        "source-list-map": {
          "version": "2.0.1",
          "bundled": true
        },
        "source-map": {
          "version": "0.5.6",
          "bundled": true
        },
        "source-map-support": {
          "version": "0.5.11",
          "bundled": true,
          "requires": {
            "buffer-from": "^1.0.0",
            "source-map": "^0.6.0"
          },
          "dependencies": {
            "source-map": {
              "version": "0.6.1",
              "bundled": true
            }
          }
        },
        "string_decoder": {
          "version": "1.1.1",
          "bundled": true,
          "requires": {
            "safe-buffer": "~5.1.0"
          }
        },
        "supports-color": {
          "version": "5.5.0",
          "bundled": true,
          "requires": {
            "has-flag": "^3.0.0"
          }
        },
        "terser": {
          "version": "3.17.0",
          "bundled": true,
          "requires": {
            "commander": "^2.19.0",
            "source-map": "~0.6.1",
            "source-map-support": "~0.5.10"
          },
          "dependencies": {
            "source-map": {
              "version": "0.6.1",
              "bundled": true
            }
          }
        },
        "tslib": {
          "version": "1.9.3",
          "bundled": true
        },
        "typescript": {
          "version": "3.2.4",
          "bundled": true
        },
        "util-deprecate": {
          "version": "1.0.2",
          "bundled": true
        },
        "webpack-sources": {
          "version": "1.3.0",
          "bundled": true,
          "requires": {
            "source-list-map": "^2.0.0",
            "source-map": "~0.6.1"
          },
          "dependencies": {
            "source-map": {
              "version": "0.6.1",
              "bundled": true
            }
          }
        }
      }
    },
    "tslib": {
      "version": "1.9.3",
      "resolved": "https://registry.npmjs.org/tslib/-/tslib-1.9.3.tgz",
      "integrity": "sha512-4krF8scpejhaOgqzBEcGM7yDIEfi0/8+8zDRZhNZZ2kjmHJ4hv3zCbQWxoJGz1iw5U0Jl0nma13xzHXcncMavQ=="
    }
  }
}
