{
  "name": "check-side-effects-test",
  "version": "0.0.0",
  "lockfileVersion": 1,
  "requires": true,
  "dependencies": {
    "@angular/core": {
      "version": "8.0.0-beta.7",
      "resolved": "https://registry.npmjs.org/@angular/core/-/core-8.0.0-beta.7.tgz",
      "integrity": "sha512-jLK54JZi4z7PBKOKbX5b5VWVdxOy6FVJp/+1MCJnonKPH6ckFpzyUFI9QDU2rY2mk4kMamiJ2NRT19UAzuq9sw==",
      "requires": {
        "tslib": "^1.9.0"
      }
    },
    "check-side-effects": {
      "version": "file:..",
      "requires": {
        "@angular-devkit/build-optimizer": "0.14.0-beta.5",
        "minimist": "~1.2.0",
        "rollup": "~1.6.0",
        "rollup-plugin-filesize": "~6.0.1",
        "rollup-plugin-node-resolve": "~4.0.1",
        "rollup-plugin-terser": "~4.0.4",
        "tslib": "~1.9.3"
      },
      "dependencies": {
        "@angular-devkit/build-optimizer": {
          "version": "0.14.0-beta.5",
          "bundled": true,
          "requires": {
            "loader-utils": "1.2.3",
            "source-map": "0.5.6",
            "typescript": "3.2.4",
            "webpack-sources": "1.3.0"
          }
        },
        "@babel/code-frame": {
          "version": "7.0.0",
          "bundled": true,
          "requires": {
            "@babel/highlight": "^7.0.0"
          }
        },
        "@babel/highlight": {
          "version": "7.0.0",
          "bundled": true,
          "requires": {
            "chalk": "^2.0.0",
            "esutils": "^2.0.2",
            "js-tokens": "^4.0.0"
          }
        },
        "@types/estree": {
          "version": "0.0.39",
          "bundled": true
        },
        "@types/minimist": {
          "version": "1.2.0",
          "bundled": true
        },
        "@types/node": {
          "version": "11.11.1",
          "bundled": true
        },
        "@types/terser": {
          "version": "3.8.0",
          "bundled": true,
          "requires": {
            "source-map": "*"
          }
        },
        "acorn": {
          "version": "6.1.1",
          "bundled": true
        },
        "ansi-align": {
          "version": "3.0.0",
          "bundled": true,
          "requires": {
            "string-width": "^3.0.0"
          }
        },
        "ansi-regex": {
          "version": "4.1.0",
          "bundled": true
        },
        "ansi-styles": {
          "version": "3.2.1",
          "bundled": true,
          "requires": {
            "color-convert": "^1.9.0"
          }
        },
        "aproba": {
          "version": "1.2.0",
          "bundled": true
        },
        "are-we-there-yet": {
          "version": "1.1.5",
          "bundled": true,
          "requires": {
            "delegates": "^1.0.0",
            "readable-stream": "^2.0.6"
          }
        },
        "big.js": {
          "version": "5.2.2",
          "bundled": true
        },
        "bl": {
          "version": "1.2.2",
          "bundled": true,
          "requires": {
            "readable-stream": "^2.3.5",
            "safe-buffer": "^5.1.1"
          }
        },
        "boxen": {
          "version": "2.1.0",
          "bundled": true,
          "requires": {
            "ansi-align": "^3.0.0",
            "camelcase": "^5.0.0",
            "chalk": "^2.4.1",
            "cli-boxes": "^1.0.0",
            "string-width": "^3.0.0",
            "term-size": "^1.2.0",
            "widest-line": "^2.0.0"
          }
        },
        "brotli-size": {
          "version": "0.0.3",
          "bundled": true,
          "requires": {
            "duplexer": "^0.1.1",
            "iltorb": "^2.0.5"
          }
        },
        "buffer-alloc": {
          "version": "1.2.0",
          "bundled": true,
          "requires": {
            "buffer-alloc-unsafe": "^1.1.0",
            "buffer-fill": "^1.0.0"
          }
        },
        "buffer-alloc-unsafe": {
          "version": "1.1.0",
          "bundled": true
        },
        "buffer-fill": {
          "version": "1.0.0",
          "bundled": true
        },
        "buffer-from": {
          "version": "1.1.1",
          "bundled": true
        },
        "builtin-modules": {
          "version": "3.0.0",
          "bundled": true
        },
        "camelcase": {
          "version": "5.2.0",
          "bundled": true
        },
        "chalk": {
          "version": "2.4.2",
          "bundled": true,
          "requires": {
            "ansi-styles": "^3.2.1",
            "escape-string-regexp": "^1.0.5",
            "supports-color": "^5.3.0"
          }
        },
        "chownr": {
          "version": "1.1.1",
          "bundled": true
        },
        "cli-boxes": {
          "version": "1.0.0",
          "bundled": true
        },
        "code-point-at": {
          "version": "1.1.0",
          "bundled": true
        },
        "color-convert": {
          "version": "1.9.3",
          "bundled": true,
          "requires": {
            "color-name": "1.1.3"
          }
        },
        "color-name": {
          "version": "1.1.3",
          "bundled": true
        },
        "colors": {
          "version": "1.3.3",
          "bundled": true
        },
        "commander": {
          "version": "2.19.0",
          "bundled": true
        },
        "console-control-strings": {
          "version": "1.1.0",
          "bundled": true
        },
        "core-util-is": {
          "version": "1.0.2",
          "bundled": true
        },
        "cross-spawn": {
          "version": "5.1.0",
          "bundled": true,
          "requires": {
            "lru-cache": "^4.0.1",
            "shebang-command": "^1.2.0",
            "which": "^1.2.9"
          }
        },
        "decompress-response": {
          "version": "3.3.0",
          "bundled": true,
          "requires": {
            "mimic-response": "^1.0.0"
          }
        },
        "deep-assign": {
          "version": "2.0.0",
          "bundled": true,
          "requires": {
            "is-obj": "^1.0.0"
          }
        },
        "deep-extend": {
          "version": "0.6.0",
          "bundled": true
        },
        "delegates": {
          "version": "1.0.0",
          "bundled": true
        },
        "detect-libc": {
          "version": "1.0.3",
          "bundled": true
        },
        "duplexer": {
          "version": "0.1.1",
          "bundled": true
        },
        "emoji-regex": {
          "version": "7.0.3",
          "bundled": true
        },
        "emojis-list": {
          "version": "2.1.0",
          "bundled": true
        },
        "end-of-stream": {
          "version": "1.4.1",
          "bundled": true,
          "requires": {
            "once": "^1.4.0"
          }
        },
        "escape-string-regexp": {
          "version": "1.0.5",
          "bundled": true
        },
        "esutils": {
          "version": "2.0.2",
          "bundled": true
        },
        "execa": {
          "version": "0.7.0",
          "bundled": true,
          "requires": {
            "cross-spawn": "^5.0.1",
            "get-stream": "^3.0.0",
            "is-stream": "^1.1.0",
            "npm-run-path": "^2.0.0",
            "p-finally": "^1.0.0",
            "signal-exit": "^3.0.0",
            "strip-eof": "^1.0.0"
          }
        },
        "expand-template": {
          "version": "2.0.3",
          "bundled": true
        },
        "filesize": {
          "version": "3.6.1",
          "bundled": true
        },
        "fs-constants": {
          "version": "1.0.0",
          "bundled": true
        },
        "gauge": {
          "version": "2.7.4",
          "bundled": true,
          "requires": {
            "aproba": "^1.0.3",
            "console-control-strings": "^1.0.0",
            "has-unicode": "^2.0.0",
            "object-assign": "^4.1.0",
            "signal-exit": "^3.0.0",
            "string-width": "^1.0.1",
            "strip-ansi": "^3.0.1",
            "wide-align": "^1.1.0"
          },
          "dependencies": {
            "ansi-regex": {
              "version": "2.1.1",
              "bundled": true
            },
            "is-fullwidth-code-point": {
              "version": "1.0.0",
              "bundled": true,
              "requires": {
                "number-is-nan": "^1.0.0"
              }
            },
            "string-width": {
              "version": "1.0.2",
              "bundled": true,
              "requires": {
                "code-point-at": "^1.0.0",
                "is-fullwidth-code-point": "^1.0.0",
                "strip-ansi": "^3.0.0"
              }
            },
            "strip-ansi": {
              "version": "3.0.1",
              "bundled": true,
              "requires": {
                "ansi-regex": "^2.0.0"
              }
            }
          }
        },
        "get-stream": {
          "version": "3.0.0",
          "bundled": true
        },
        "github-from-package": {
          "version": "0.0.0",
          "bundled": true
        },
        "gzip-size": {
          "version": "5.0.0",
          "bundled": true,
          "requires": {
            "duplexer": "^0.1.1",
            "pify": "^3.0.0"
          }
        },
        "has-flag": {
          "version": "3.0.0",
          "bundled": true
        },
        "has-unicode": {
          "version": "2.0.1",
          "bundled": true
        },
        "iltorb": {
          "version": "2.4.2",
          "bundled": true,
          "requires": {
            "detect-libc": "^1.0.3",
            "nan": "^2.12.1",
            "npmlog": "^4.1.2",
            "prebuild-install": "^5.2.4",
            "which-pm-runs": "^1.0.0"
          }
        },
        "inherits": {
          "version": "2.0.3",
          "bundled": true
        },
        "ini": {
          "version": "1.3.5",
          "bundled": true
        },
        "is-fullwidth-code-point": {
          "version": "2.0.0",
          "bundled": true
        },
        "is-module": {
          "version": "1.0.0",
          "bundled": true
        },
        "is-obj": {
          "version": "1.0.1",
          "bundled": true
        },
        "is-stream": {
          "version": "1.1.0",
          "bundled": true
        },
        "isarray": {
          "version": "1.0.0",
          "bundled": true
        },
        "isexe": {
          "version": "2.0.0",
          "bundled": true
        },
        "jest-worker": {
          "version": "24.4.0",
          "bundled": true,
          "requires": {
            "@types/node": "*",
            "merge-stream": "^1.0.1",
            "supports-color": "^6.1.0"
          },
          "dependencies": {
            "supports-color": {
              "version": "6.1.0",
              "bundled": true,
              "requires": {
                "has-flag": "^3.0.0"
              }
            }
          }
        },
        "js-tokens": {
          "version": "4.0.0",
          "bundled": true
        },
        "json5": {
          "version": "1.0.1",
          "bundled": true,
          "requires": {
            "minimist": "^1.2.0"
          }
        },
        "loader-utils": {
          "version": "1.2.3",
          "bundled": true,
          "requires": {
            "big.js": "^5.2.2",
            "emojis-list": "^2.0.0",
            "json5": "^1.0.1"
          }
        },
        "lru-cache": {
          "version": "4.1.5",
          "bundled": true,
          "requires": {
            "pseudomap": "^1.0.2",
            "yallist": "^2.1.2"
          }
        },
        "merge-stream": {
          "version": "1.0.1",
          "bundled": true,
          "requires": {
            "readable-stream": "^2.0.1"
          }
        },
        "mimic-response": {
          "version": "1.0.1",
          "bundled": true
        },
        "minimist": {
          "version": "1.2.0",
          "bundled": true
        },
        "mkdirp": {
          "version": "0.5.1",
          "bundled": true,
          "requires": {
            "minimist": "0.0.8"
          },
          "dependencies": {
            "minimist": {
              "version": "0.0.8",
              "bundled": true
            }
          }
        },
        "nan": {
          "version": "2.12.1",
          "bundled": true
        },
        "napi-build-utils": {
          "version": "1.0.1",
          "bundled": true
        },
        "node-abi": {
          "version": "2.7.1",
          "bundled": true,
          "requires": {
            "semver": "^5.4.1"
          }
        },
        "noop-logger": {
          "version": "0.1.1",
          "bundled": true
        },
        "npm-run-path": {
          "version": "2.0.2",
          "bundled": true,
          "requires": {
            "path-key": "^2.0.0"
          }
        },
        "npmlog": {
          "version": "4.1.2",
          "bundled": true,
          "requires": {
            "are-we-there-yet": "~1.1.2",
            "console-control-strings": "~1.1.0",
            "gauge": "~2.7.3",
            "set-blocking": "~2.0.0"
          }
        },
        "number-is-nan": {
          "version": "1.0.1",
          "bundled": true
        },
        "object-assign": {
          "version": "4.1.1",
          "bundled": true
        },
        "once": {
          "version": "1.4.0",
          "bundled": true,
          "requires": {
            "wrappy": "1"
          }
        },
        "os-homedir": {
          "version": "1.0.2",
          "bundled": true
        },
        "p-finally": {
          "version": "1.0.0",
          "bundled": true
        },
        "path-key": {
          "version": "2.0.1",
          "bundled": true
        },
        "path-parse": {
          "version": "1.0.6",
          "bundled": true
        },
        "pify": {
          "version": "3.0.0",
          "bundled": true
        },
        "prebuild-install": {
          "version": "5.2.5",
          "bundled": true,
          "requires": {
            "detect-libc": "^1.0.3",
            "expand-template": "^2.0.3",
            "github-from-package": "0.0.0",
            "minimist": "^1.2.0",
            "mkdirp": "^0.5.1",
            "napi-build-utils": "^1.0.1",
            "node-abi": "^2.7.0",
            "noop-logger": "^0.1.1",
            "npmlog": "^4.0.1",
            "os-homedir": "^1.0.1",
            "pump": "^2.0.1",
            "rc": "^1.2.7",
            "simple-get": "^2.7.0",
            "tar-fs": "^1.13.0",
            "tunnel-agent": "^0.6.0",
            "which-pm-runs": "^1.0.0"
          }
        },
        "process-nextick-args": {
          "version": "2.0.0",
          "bundled": true
        },
        "pseudomap": {
          "version": "1.0.2",
          "bundled": true
        },
        "pump": {
          "version": "2.0.1",
          "bundled": true,
          "requires": {
            "end-of-stream": "^1.1.0",
            "once": "^1.3.1"
          }
        },
        "rc": {
          "version": "1.2.8",
          "bundled": true,
          "requires": {
            "deep-extend": "^0.6.0",
            "ini": "~1.3.0",
            "minimist": "^1.2.0",
            "strip-json-comments": "~2.0.1"
          }
        },
        "readable-stream": {
          "version": "2.3.6",
          "bundled": true,
          "requires": {
            "core-util-is": "~1.0.0",
            "inherits": "~2.0.3",
            "isarray": "~1.0.0",
            "process-nextick-args": "~2.0.0",
            "safe-buffer": "~5.1.1",
            "string_decoder": "~1.1.1",
            "util-deprecate": "~1.0.1"
          }
        },
        "resolve": {
          "version": "1.10.0",
          "bundled": true,
          "requires": {
            "path-parse": "^1.0.6"
          }
        },
        "rollup": {
          "version": "1.6.0",
          "bundled": true,
          "requires": {
            "@types/estree": "0.0.39",
            "@types/node": "^11.9.5",
            "acorn": "^6.1.1"
          }
        },
        "rollup-plugin-filesize": {
          "version": "6.0.1",
          "bundled": true,
          "requires": {
            "boxen": "^2.0.0",
            "brotli-size": "0.0.3",
            "colors": "^1.3.2",
            "deep-assign": "^2.0.0",
            "filesize": "^3.6.1",
            "gzip-size": "^5.0.0",
            "terser": "^3.10.0"
          }
        },
        "rollup-plugin-node-resolve": {
          "version": "4.0.1",
          "bundled": true,
          "requires": {
            "builtin-modules": "^3.0.0",
            "is-module": "^1.0.0",
            "resolve": "^1.10.0"
          }
        },
        "rollup-plugin-terser": {
          "version": "4.0.4",
          "bundled": true,
          "requires": {
            "@babel/code-frame": "^7.0.0",
            "jest-worker": "^24.0.0",
            "serialize-javascript": "^1.6.1",
            "terser": "^3.14.1"
          }
        },
        "safe-buffer": {
          "version": "5.1.2",
          "bundled": true
        },
        "semver": {
          "version": "5.6.0",
          "bundled": true
        },
        "serialize-javascript": {
          "version": "1.6.1",
          "bundled": true
        },
        "set-blocking": {
          "version": "2.0.0",
          "bundled": true
        },
        "shebang-command": {
          "version": "1.2.0",
          "bundled": true,
          "requires": {
            "shebang-regex": "^1.0.0"
          }
        },
        "shebang-regex": {
          "version": "1.0.0",
          "bundled": true
        },
        "signal-exit": {
          "version": "3.0.2",
          "bundled": true
        },
        "simple-concat": {
          "version": "1.0.0",
          "bundled": true
        },
        "simple-get": {
          "version": "2.8.1",
          "bundled": true,
          "requires": {
            "decompress-response": "^3.3.0",
            "once": "^1.3.1",
            "simple-concat": "^1.0.0"
          }
        },
        "source-list-map": {
          "version": "2.0.1",
          "bundled": true
        },
        "source-map": {
          "version": "0.5.6",
          "bundled": true
        },
        "source-map-support": {
          "version": "0.5.11",
          "bundled": true,
          "requires": {
            "buffer-from": "^1.0.0",
            "source-map": "^0.6.0"
          },
          "dependencies": {
            "source-map": {
              "version": "0.6.1",
              "bundled": true
            }
          }
        },
        "string-width": {
          "version": "3.1.0",
          "bundled": true,
          "requires": {
            "emoji-regex": "^7.0.1",
            "is-fullwidth-code-point": "^2.0.0",
            "strip-ansi": "^5.1.0"
          }
        },
        "string_decoder": {
          "version": "1.1.1",
          "bundled": true,
          "requires": {
            "safe-buffer": "~5.1.0"
          }
        },
        "strip-ansi": {
          "version": "5.1.0",
          "bundled": true,
          "requires": {
            "ansi-regex": "^4.1.0"
          }
        },
        "strip-eof": {
          "version": "1.0.0",
          "bundled": true
        },
        "strip-json-comments": {
          "version": "2.0.1",
          "bundled": true
        },
        "supports-color": {
          "version": "5.5.0",
          "bundled": true,
          "requires": {
            "has-flag": "^3.0.0"
          }
        },
        "tar-fs": {
          "version": "1.16.3",
          "bundled": true,
          "requires": {
            "chownr": "^1.0.1",
            "mkdirp": "^0.5.1",
            "pump": "^1.0.0",
            "tar-stream": "^1.1.2"
          },
          "dependencies": {
            "pump": {
              "version": "1.0.3",
              "bundled": true,
              "requires": {
                "end-of-stream": "^1.1.0",
                "once": "^1.3.1"
              }
            }
          }
        },
        "tar-stream": {
          "version": "1.6.2",
          "bundled": true,
          "requires": {
            "bl": "^1.0.0",
            "buffer-alloc": "^1.2.0",
            "end-of-stream": "^1.0.0",
            "fs-constants": "^1.0.0",
            "readable-stream": "^2.3.0",
            "to-buffer": "^1.1.1",
            "xtend": "^4.0.0"
          }
        },
        "term-size": {
          "version": "1.2.0",
          "bundled": true,
          "requires": {
            "execa": "^0.7.0"
          }
        },
        "terser": {
          "version": "3.17.0",
          "bundled": true,
          "requires": {
            "commander": "^2.19.0",
            "source-map": "~0.6.1",
            "source-map-support": "~0.5.10"
          },
          "dependencies": {
            "source-map": {
              "version": "0.6.1",
              "bundled": true
            }
          }
        },
        "to-buffer": {
          "version": "1.1.1",
          "bundled": true
        },
        "tslib": {
          "version": "1.9.3",
          "bundled": true
        },
        "tunnel-agent": {
          "version": "0.6.0",
          "bundled": true,
          "requires": {
            "safe-buffer": "^5.0.1"
          }
        },
        "typescript": {
          "version": "3.2.4",
          "bundled": true
        },
        "util-deprecate": {
          "version": "1.0.2",
          "bundled": true
        },
        "webpack-sources": {
          "version": "1.3.0",
          "bundled": true,
          "requires": {
            "source-list-map": "^2.0.0",
            "source-map": "~0.6.1"
          },
          "dependencies": {
            "source-map": {
              "version": "0.6.1",
              "bundled": true
            }
          }
        },
        "which": {
          "version": "1.3.1",
          "bundled": true,
          "requires": {
            "isexe": "^2.0.0"
          }
        },
        "which-pm-runs": {
          "version": "1.0.0",
          "bundled": true
        },
        "wide-align": {
          "version": "1.1.3",
          "bundled": true,
          "requires": {
            "string-width": "^1.0.2 || 2"
          },
          "dependencies": {
            "ansi-regex": {
              "version": "3.0.0",
              "bundled": true
            },
            "string-width": {
              "version": "2.1.1",
              "bundled": true,
              "requires": {
                "is-fullwidth-code-point": "^2.0.0",
                "strip-ansi": "^4.0.0"
              }
            },
            "strip-ansi": {
              "version": "4.0.0",
              "bundled": true,
              "requires": {
                "ansi-regex": "^3.0.0"
              }
            }
          }
        },
        "widest-line": {
          "version": "2.0.1",
          "bundled": true,
          "requires": {
            "string-width": "^2.1.1"
          },
          "dependencies": {
            "ansi-regex": {
              "version": "3.0.0",
              "bundled": true
            },
            "string-width": {
              "version": "2.1.1",
              "bundled": true,
              "requires": {
                "is-fullwidth-code-point": "^2.0.0",
                "strip-ansi": "^4.0.0"
              }
            },
            "strip-ansi": {
              "version": "4.0.0",
              "bundled": true,
              "requires": {
                "ansi-regex": "^3.0.0"
              }
            }
          }
        },
        "wrappy": {
          "version": "1.0.2",
          "bundled": true
        },
        "xtend": {
          "version": "4.0.1",
          "bundled": true
        },
        "yallist": {
          "version": "2.1.2",
          "bundled": true
        }
      }
    },
    "tslib": {
      "version": "1.9.3",
      "resolved": "https://registry.npmjs.org/tslib/-/tslib-1.9.3.tgz",
      "integrity": "sha512-4krF8scpejhaOgqzBEcGM7yDIEfi0/8+8zDRZhNZZ2kjmHJ4hv3zCbQWxoJGz1iw5U0Jl0nma13xzHXcncMavQ=="
    }
  }
}
