{
  "name": "check-side-effects-test",
  "version": "0.0.0",
  "lockfileVersion": 1,
  "requires": true,
  "dependencies": {
    "@angular/core": {
      "version": "8.1.0-next.1",
      "resolved": "https://registry.npmjs.org/@angular/core/-/core-8.1.0-next.1.tgz",
      "integrity": "sha512-i26/UkfTOd+nZuPbUOgGHGSWwl1fghUlLwQHvDqtdMC2VANQOjEyQZrcNHP+N7ZumVdcfxDAisFOMWgnwFzVcw==",
      "requires": {
        "tslib": "^1.9.0"
      }
    },
    "tslib": {
      "version": "1.10.0",
      "resolved": "https://registry.npmjs.org/tslib/-/tslib-1.10.0.tgz",
      "integrity": "sha512-qOebF53frne81cf0S9B41ByenJ3/IuH8yJKngAX35CmiZySA0khhkovshKK+jGCaMnVomla7gVlIcc3EvKPbTQ=="
    }
  }
}
